
Microsoft Visual Studio Solution File, Format Version 12.00
# Visual Studio Version 17
VisualStudioVersion = 17.5.33627.172
MinimumVisualStudioVersion = 10.0.40219.1
Project("{FAE04EC0-301F-11D3-BF4B-00C04F79EFBC}") = "saml-test", "saml-test.csproj", "{8D685528-1DD6-443A-965C-07826BC51F6D}"
EndProject
Global
	GlobalSection(SolutionConfigurationPlatforms) = preSolution
		Debug|Any CPU = Debug|Any CPU
		Release|Any CPU = Release|Any CPU
	EndGlobalSection
	GlobalSection(ProjectConfigurationPlatforms) = postSolution
		{8D685528-1DD6-443A-965C-07826BC51F6D}.Debug|Any CPU.ActiveCfg = Debug|Any CPU
		{8D685528-1DD6-443A-965C-07826BC51F6D}.Debug|Any CPU.Build.0 = Debug|Any CPU
		{8D685528-1DD6-443A-965C-07826BC51F6D}.Release|Any CPU.ActiveCfg = Release|Any CPU
		{8D685528-1DD6-443A-965C-07826BC51F6D}.Release|Any CPU.Build.0 = Release|Any CPU
	EndGlobalSection
	GlobalSection(SolutionProperties) = preSolution
		HideSolutionNode = FALSE
	EndGlobalSection
	GlobalSection(ExtensibilityGlobals) = postSolution
		SolutionGuid = {4C38E625-C3E7-4BA9-B10E-B3D744B3717D}
	EndGlobalSection
EndGlobal
